
Microsoft Visual Studio Solution File, Format Version 12.00
# Visual Studio Version 17
VisualStudioVersion = 17.7.34031.279
MinimumVisualStudioVersion = 10.0.40219.1
Project("{9A19103F-16F7-4668-BE54-9A1E7A4F7556}") = "PizzaStore", "PizzaStore.csproj", "{2613ECC7-05BC-48B0-B58D-E5BD1CDE0FE1}"
EndProject
Global
	GlobalSection(SolutionConfigurationPlatforms) = preSolution
		Debug|Any CPU = Debug|Any CPU
		Release|Any CPU = Release|Any CPU
	EndGlobalSection
	GlobalSection(ProjectConfigurationPlatforms) = postSolution
		{2613ECC7-05BC-48B0-B58D-E5BD1CDE0FE1}.Debug|Any CPU.ActiveCfg = Debug|Any CPU
		{2613ECC7-05BC-48B0-B58D-E5BD1CDE0FE1}.Debug|Any CPU.Build.0 = Debug|Any CPU
		{2613ECC7-05BC-48B0-B58D-E5BD1CDE0FE1}.Release|Any CPU.ActiveCfg = Release|Any CPU
		{2613ECC7-05BC-48B0-B58D-E5BD1CDE0FE1}.Release|Any CPU.Build.0 = Release|Any CPU
	EndGlobalSection
	GlobalSection(SolutionProperties) = preSolution
		HideSolutionNode = FALSE
	EndGlobalSection
	GlobalSection(ExtensibilityGlobals) = postSolution
		SolutionGuid = {60CC9952-E5DA-4F65-899D-F7D621E43419}
	EndGlobalSection
EndGlobal
