
Microsoft Visual Studio Solution File, Format Version 12.00
# Visual Studio Version 17
VisualStudioVersion = 17.11.35222.181
MinimumVisualStudioVersion = 10.0.40219.1
Project("{FAE04EC0-301F-11D3-BF4B-00C04F79EFBC}") = "LinesLib", "LinesLib\LinesLib.csproj", "{6663AA88-E5AC-4A1B-B9BE-8B41A17847EA}"
EndProject
Project("{FAE04EC0-301F-11D3-BF4B-00C04F79EFBC}") = "LinesLibTests", "LinesLibTests\LinesLibTests.csproj", "{52E3BB3A-7214-4CB8-95DF-4F5C3A9EF329}"
EndProject
Global
	GlobalSection(SolutionConfigurationPlatforms) = preSolution
		Debug|Any CPU = Debug|Any CPU
		Release|Any CPU = Release|Any CPU
	EndGlobalSection
	GlobalSection(ProjectConfigurationPlatforms) = postSolution
		{6663AA88-E5AC-4A1B-B9BE-8B41A17847EA}.Debug|Any CPU.ActiveCfg = Debug|Any CPU
		{6663AA88-E5AC-4A1B-B9BE-8B41A17847EA}.Debug|Any CPU.Build.0 = Debug|Any CPU
		{6663AA88-E5AC-4A1B-B9BE-8B41A17847EA}.Release|Any CPU.ActiveCfg = Release|Any CPU
		{6663AA88-E5AC-4A1B-B9BE-8B41A17847EA}.Release|Any CPU.Build.0 = Release|Any CPU
		{52E3BB3A-7214-4CB8-95DF-4F5C3A9EF329}.Debug|Any CPU.ActiveCfg = Debug|Any CPU
		{52E3BB3A-7214-4CB8-95DF-4F5C3A9EF329}.Debug|Any CPU.Build.0 = Debug|Any CPU
		{52E3BB3A-7214-4CB8-95DF-4F5C3A9EF329}.Release|Any CPU.ActiveCfg = Release|Any CPU
		{52E3BB3A-7214-4CB8-95DF-4F5C3A9EF329}.Release|Any CPU.Build.0 = Release|Any CPU
	EndGlobalSection
	GlobalSection(SolutionProperties) = preSolution
		HideSolutionNode = FALSE
	EndGlobalSection
	GlobalSection(ExtensibilityGlobals) = postSolution
		SolutionGuid = {FFA5A736-E79A-4985-9BB9-D841381038C1}
	EndGlobalSection
EndGlobal
