
Microsoft Visual Studio Solution File, Format Version 12.00
# Visual Studio Version 17
VisualStudioVersion = 17.11.35327.3
MinimumVisualStudioVersion = 10.0.40219.1
Project("{FAE04EC0-301F-11D3-BF4B-00C04F79EFBC}") = "Sensor REST Service", "Sensor REST Service\Sensor REST Service.csproj", "{D32F1E10-5203-4D48-AFCF-348F0C667FE8}"
EndProject
Global
	GlobalSection(SolutionConfigurationPlatforms) = preSolution
		Debug|Any CPU = Debug|Any CPU
		Release|Any CPU = Release|Any CPU
	EndGlobalSection
	GlobalSection(ProjectConfigurationPlatforms) = postSolution
		{D32F1E10-5203-4D48-AFCF-348F0C667FE8}.Debug|Any CPU.ActiveCfg = Debug|Any CPU
		{D32F1E10-5203-4D48-AFCF-348F0C667FE8}.Debug|Any CPU.Build.0 = Debug|Any CPU
		{D32F1E10-5203-4D48-AFCF-348F0C667FE8}.Release|Any CPU.ActiveCfg = Release|Any CPU
		{D32F1E10-5203-4D48-AFCF-348F0C667FE8}.Release|Any CPU.Build.0 = Release|Any CPU
	EndGlobalSection
	GlobalSection(SolutionProperties) = preSolution
		HideSolutionNode = FALSE
	EndGlobalSection
	GlobalSection(ExtensibilityGlobals) = postSolution
		SolutionGuid = {BDC86BB5-C5E3-41B3-BA75-FE4591197537}
	EndGlobalSection
EndGlobal
