
Microsoft Visual Studio Solution File, Format Version 12.00
# Visual Studio Version 17
VisualStudioVersion = 17.11.35312.102
MinimumVisualStudioVersion = 10.0.40219.1
Project("{FAE04EC0-301F-11D3-BF4B-00C04F79EFBC}") = "Opgave4", "Opgave4\Opgave4.csproj", "{28435C08-8B22-44FB-B6D6-8810AA202E05}"
EndProject
Global
	GlobalSection(SolutionConfigurationPlatforms) = preSolution
		Debug|Any CPU = Debug|Any CPU
		Release|Any CPU = Release|Any CPU
	EndGlobalSection
	GlobalSection(ProjectConfigurationPlatforms) = postSolution
		{28435C08-8B22-44FB-B6D6-8810AA202E05}.Debug|Any CPU.ActiveCfg = Debug|Any CPU
		{28435C08-8B22-44FB-B6D6-8810AA202E05}.Debug|Any CPU.Build.0 = Debug|Any CPU
		{28435C08-8B22-44FB-B6D6-8810AA202E05}.Release|Any CPU.ActiveCfg = Release|Any CPU
		{28435C08-8B22-44FB-B6D6-8810AA202E05}.Release|Any CPU.Build.0 = Release|Any CPU
	EndGlobalSection
	GlobalSection(SolutionProperties) = preSolution
		HideSolutionNode = FALSE
	EndGlobalSection
	GlobalSection(ExtensibilityGlobals) = postSolution
		SolutionGuid = {0CA3D587-FFE2-4431-B011-DCDB5019BE15}
	EndGlobalSection
EndGlobal
